
Microsoft Visual Studio Solution File, Format Version 11.00
# Visual Studio 2010
Project("{8BC9CEB8-8B4A-11D0-8D11-00A0C91BC942}") = "UHFReader", "UHFReader\UHFReader.vcxproj", "{2BFC843F-7E07-436F-938B-363638FF2E2F}"
EndProject
Project("{8BC9CEB8-8B4A-11D0-8D11-00A0C91BC942}") = "HFReader", "HFReader\HFReader.vcxproj", "{DD137307-0062-4BBA-A39A-B3EA0A871505}"
EndProject
Global
	GlobalSection(SolutionConfigurationPlatforms) = preSolution
		Debug|Win32 = Debug|Win32
		Release|Win32 = Release|Win32
	EndGlobalSection
	GlobalSection(ProjectConfigurationPlatforms) = postSolution
		{2BFC843F-7E07-436F-938B-363638FF2E2F}.Debug|Win32.ActiveCfg = Debug|Win32
		{2BFC843F-7E07-436F-938B-363638FF2E2F}.Debug|Win32.Build.0 = Debug|Win32
		{2BFC843F-7E07-436F-938B-363638FF2E2F}.Release|Win32.ActiveCfg = Release|Win32
		{2BFC843F-7E07-436F-938B-363638FF2E2F}.Release|Win32.Build.0 = Release|Win32
		{DD137307-0062-4BBA-A39A-B3EA0A871505}.Debug|Win32.ActiveCfg = Debug|Win32
		{DD137307-0062-4BBA-A39A-B3EA0A871505}.Release|Win32.ActiveCfg = Release|Win32
		{DD137307-0062-4BBA-A39A-B3EA0A871505}.Release|Win32.Build.0 = Release|Win32
	EndGlobalSection
	GlobalSection(SolutionProperties) = preSolution
		HideSolutionNode = FALSE
	EndGlobalSection
EndGlobal
